
Microsoft Visual Studio Solution File, Format Version 12.00
# Visual Studio Version 16
VisualStudioVersion = 16.0.30128.74
MinimumVisualStudioVersion = 10.0.40219.1
Project("{FAE04EC0-301F-11D3-BF4B-00C04F79EFBC}") = "TrainingAPI", "TrainingAPI\TrainingAPI.csproj", "{DC28C15D-ACE0-4439-9051-6DE5DB409320}"
EndProject
Global
	GlobalSection(SolutionConfigurationPlatforms) = preSolution
		Debug|Any CPU = Debug|Any CPU
		Release|Any CPU = Release|Any CPU
	EndGlobalSection
	GlobalSection(ProjectConfigurationPlatforms) = postSolution
		{DC28C15D-ACE0-4439-9051-6DE5DB409320}.Debug|Any CPU.ActiveCfg = Debug|Any CPU
		{DC28C15D-ACE0-4439-9051-6DE5DB409320}.Debug|Any CPU.Build.0 = Debug|Any CPU
		{DC28C15D-ACE0-4439-9051-6DE5DB409320}.Release|Any CPU.ActiveCfg = Release|Any CPU
		{DC28C15D-ACE0-4439-9051-6DE5DB409320}.Release|Any CPU.Build.0 = Release|Any CPU
	EndGlobalSection
	GlobalSection(SolutionProperties) = preSolution
		HideSolutionNode = FALSE
	EndGlobalSection
	GlobalSection(ExtensibilityGlobals) = postSolution
		SolutionGuid = {D466D11B-B91B-4107-A800-56AA1F40FF31}
	EndGlobalSection
EndGlobal
